
Microsoft Visual Studio Solution File, Format Version 12.00
# Visual Studio 15
VisualStudioVersion = 15.0.26430.16
MinimumVisualStudioVersion = 10.0.40219.1
Project("{FAE04EC0-301F-11D3-BF4B-00C04F79EFBC}") = "Append Lists", "Append Lists\Append Lists.csproj", "{CDEC5694-43E8-41AF-A417-4979B4B2BE26}"
EndProject
Global
	GlobalSection(SolutionConfigurationPlatforms) = preSolution
		Debug|Any CPU = Debug|Any CPU
		Release|Any CPU = Release|Any CPU
	EndGlobalSection
	GlobalSection(ProjectConfigurationPlatforms) = postSolution
		{CDEC5694-43E8-41AF-A417-4979B4B2BE26}.Debug|Any CPU.ActiveCfg = Debug|Any CPU
		{CDEC5694-43E8-41AF-A417-4979B4B2BE26}.Debug|Any CPU.Build.0 = Debug|Any CPU
		{CDEC5694-43E8-41AF-A417-4979B4B2BE26}.Release|Any CPU.ActiveCfg = Release|Any CPU
		{CDEC5694-43E8-41AF-A417-4979B4B2BE26}.Release|Any CPU.Build.0 = Release|Any CPU
	EndGlobalSection
	GlobalSection(SolutionProperties) = preSolution
		HideSolutionNode = FALSE
	EndGlobalSection
EndGlobal
