
Microsoft Visual Studio Solution File, Format Version 12.00
# Visual Studio 15
VisualStudioVersion = 15.0.26730.12
MinimumVisualStudioVersion = 10.0.40219.1
Project("{FAE04EC0-301F-11D3-BF4B-00C04F79EFBC}") = "DiamondProblem", "DiamondProblem\DiamondProblem.csproj", "{B27BB244-C5B5-4FAA-B14D-7C569E1A214C}"
EndProject
Global
	GlobalSection(SolutionConfigurationPlatforms) = preSolution
		Debug|Any CPU = Debug|Any CPU
		Release|Any CPU = Release|Any CPU
	EndGlobalSection
	GlobalSection(ProjectConfigurationPlatforms) = postSolution
		{B27BB244-C5B5-4FAA-B14D-7C569E1A214C}.Debug|Any CPU.ActiveCfg = Debug|Any CPU
		{B27BB244-C5B5-4FAA-B14D-7C569E1A214C}.Debug|Any CPU.Build.0 = Debug|Any CPU
		{B27BB244-C5B5-4FAA-B14D-7C569E1A214C}.Release|Any CPU.ActiveCfg = Release|Any CPU
		{B27BB244-C5B5-4FAA-B14D-7C569E1A214C}.Release|Any CPU.Build.0 = Release|Any CPU
	EndGlobalSection
	GlobalSection(SolutionProperties) = preSolution
		HideSolutionNode = FALSE
	EndGlobalSection
	GlobalSection(ExtensibilityGlobals) = postSolution
		SolutionGuid = {B2AC3650-1AE0-4141-8286-E710FDF7FAFD}
	EndGlobalSection
EndGlobal
