
Microsoft Visual Studio Solution File, Format Version 12.00
# Visual Studio 15
VisualStudioVersion = 15.0.26730.12
MinimumVisualStudioVersion = 10.0.40219.1
Project("{FAE04EC0-301F-11D3-BF4B-00C04F79EFBC}") = "CottageScraper", "CottageScraper\CottageScraper.csproj", "{6AC52DAE-2C84-48A8-9AFC-F69D5B44BE3E}"
EndProject
Global
	GlobalSection(SolutionConfigurationPlatforms) = preSolution
		Debug|Any CPU = Debug|Any CPU
		Release|Any CPU = Release|Any CPU
	EndGlobalSection
	GlobalSection(ProjectConfigurationPlatforms) = postSolution
		{6AC52DAE-2C84-48A8-9AFC-F69D5B44BE3E}.Debug|Any CPU.ActiveCfg = Debug|Any CPU
		{6AC52DAE-2C84-48A8-9AFC-F69D5B44BE3E}.Debug|Any CPU.Build.0 = Debug|Any CPU
		{6AC52DAE-2C84-48A8-9AFC-F69D5B44BE3E}.Release|Any CPU.ActiveCfg = Release|Any CPU
		{6AC52DAE-2C84-48A8-9AFC-F69D5B44BE3E}.Release|Any CPU.Build.0 = Release|Any CPU
	EndGlobalSection
	GlobalSection(SolutionProperties) = preSolution
		HideSolutionNode = FALSE
	EndGlobalSection
	GlobalSection(ExtensibilityGlobals) = postSolution
		SolutionGuid = {8AF43AF4-73F8-4259-9D47-7A01EE91CA15}
	EndGlobalSection
EndGlobal
