
Microsoft Visual Studio Solution File, Format Version 12.00
# Visual Studio 15
VisualStudioVersion = 15.0.26730.12
MinimumVisualStudioVersion = 10.0.40219.1
Project("{FAE04EC0-301F-11D3-BF4B-00C04F79EFBC}") = "JapaneseRoulette", "JapaneseRoulette\JapaneseRoulette.csproj", "{AEF4B55F-AEF6-4BED-9037-9E94A95413EA}"
EndProject
Global
	GlobalSection(SolutionConfigurationPlatforms) = preSolution
		Debug|Any CPU = Debug|Any CPU
		Release|Any CPU = Release|Any CPU
	EndGlobalSection
	GlobalSection(ProjectConfigurationPlatforms) = postSolution
		{AEF4B55F-AEF6-4BED-9037-9E94A95413EA}.Debug|Any CPU.ActiveCfg = Debug|Any CPU
		{AEF4B55F-AEF6-4BED-9037-9E94A95413EA}.Debug|Any CPU.Build.0 = Debug|Any CPU
		{AEF4B55F-AEF6-4BED-9037-9E94A95413EA}.Release|Any CPU.ActiveCfg = Release|Any CPU
		{AEF4B55F-AEF6-4BED-9037-9E94A95413EA}.Release|Any CPU.Build.0 = Release|Any CPU
	EndGlobalSection
	GlobalSection(SolutionProperties) = preSolution
		HideSolutionNode = FALSE
	EndGlobalSection
	GlobalSection(ExtensibilityGlobals) = postSolution
		SolutionGuid = {A881F650-19BC-46F8-8C0E-6E1885D991CC}
	EndGlobalSection
EndGlobal
