
Microsoft Visual Studio Solution File, Format Version 12.00
# Visual Studio 15
VisualStudioVersion = 15.0.26730.12
MinimumVisualStudioVersion = 10.0.40219.1
Project("{FAE04EC0-301F-11D3-BF4B-00C04F79EFBC}") = "LINQuistics", "LINQuistics\LINQuistics.csproj", "{EBD749C8-2625-4FC8-8EE0-6E79E765FEF9}"
EndProject
Global
	GlobalSection(SolutionConfigurationPlatforms) = preSolution
		Debug|Any CPU = Debug|Any CPU
		Release|Any CPU = Release|Any CPU
	EndGlobalSection
	GlobalSection(ProjectConfigurationPlatforms) = postSolution
		{EBD749C8-2625-4FC8-8EE0-6E79E765FEF9}.Debug|Any CPU.ActiveCfg = Debug|Any CPU
		{EBD749C8-2625-4FC8-8EE0-6E79E765FEF9}.Debug|Any CPU.Build.0 = Debug|Any CPU
		{EBD749C8-2625-4FC8-8EE0-6E79E765FEF9}.Release|Any CPU.ActiveCfg = Release|Any CPU
		{EBD749C8-2625-4FC8-8EE0-6E79E765FEF9}.Release|Any CPU.Build.0 = Release|Any CPU
	EndGlobalSection
	GlobalSection(SolutionProperties) = preSolution
		HideSolutionNode = FALSE
	EndGlobalSection
	GlobalSection(ExtensibilityGlobals) = postSolution
		SolutionGuid = {6E928B5C-BD0C-43A4-B487-0C794D71A5C2}
	EndGlobalSection
EndGlobal
