
Microsoft Visual Studio Solution File, Format Version 12.00
# Visual Studio 15
VisualStudioVersion = 15.0.26730.12
MinimumVisualStudioVersion = 10.0.40219.1
Project("{FAE04EC0-301F-11D3-BF4B-00C04F79EFBC}") = "Files", "Files\Files.csproj", "{D2467E5E-34A3-4548-A7D9-2BB1E2DFA233}"
EndProject
Global
	GlobalSection(SolutionConfigurationPlatforms) = preSolution
		Debug|Any CPU = Debug|Any CPU
		Release|Any CPU = Release|Any CPU
	EndGlobalSection
	GlobalSection(ProjectConfigurationPlatforms) = postSolution
		{D2467E5E-34A3-4548-A7D9-2BB1E2DFA233}.Debug|Any CPU.ActiveCfg = Debug|Any CPU
		{D2467E5E-34A3-4548-A7D9-2BB1E2DFA233}.Debug|Any CPU.Build.0 = Debug|Any CPU
		{D2467E5E-34A3-4548-A7D9-2BB1E2DFA233}.Release|Any CPU.ActiveCfg = Release|Any CPU
		{D2467E5E-34A3-4548-A7D9-2BB1E2DFA233}.Release|Any CPU.Build.0 = Release|Any CPU
	EndGlobalSection
	GlobalSection(SolutionProperties) = preSolution
		HideSolutionNode = FALSE
	EndGlobalSection
	GlobalSection(ExtensibilityGlobals) = postSolution
		SolutionGuid = {1E77E1DC-DD79-4D8D-A00E-750143A8E677}
	EndGlobalSection
EndGlobal
