
Microsoft Visual Studio Solution File, Format Version 12.00
# Visual Studio 15
VisualStudioVersion = 15.0.26730.12
MinimumVisualStudioVersion = 10.0.40219.1
Project("{FAE04EC0-301F-11D3-BF4B-00C04F79EFBC}") = "EnduranceRally", "EnduranceRally\EnduranceRally.csproj", "{12066836-B23F-443A-8294-325C9FC0D549}"
EndProject
Global
	GlobalSection(SolutionConfigurationPlatforms) = preSolution
		Debug|Any CPU = Debug|Any CPU
		Release|Any CPU = Release|Any CPU
	EndGlobalSection
	GlobalSection(ProjectConfigurationPlatforms) = postSolution
		{12066836-B23F-443A-8294-325C9FC0D549}.Debug|Any CPU.ActiveCfg = Debug|Any CPU
		{12066836-B23F-443A-8294-325C9FC0D549}.Debug|Any CPU.Build.0 = Debug|Any CPU
		{12066836-B23F-443A-8294-325C9FC0D549}.Release|Any CPU.ActiveCfg = Release|Any CPU
		{12066836-B23F-443A-8294-325C9FC0D549}.Release|Any CPU.Build.0 = Release|Any CPU
	EndGlobalSection
	GlobalSection(SolutionProperties) = preSolution
		HideSolutionNode = FALSE
	EndGlobalSection
	GlobalSection(ExtensibilityGlobals) = postSolution
		SolutionGuid = {D43B2246-17DD-4E3D-A188-16F292902103}
	EndGlobalSection
EndGlobal
