
Microsoft Visual Studio Solution File, Format Version 12.00
# Visual Studio 15
VisualStudioVersion = 15.0.26430.16
MinimumVisualStudioVersion = 10.0.40219.1
Project("{FAE04EC0-301F-11D3-BF4B-00C04F79EFBC}") = "KeyKeyValueValue", "KeyKeyValueValue\KeyKeyValueValue.csproj", "{D83F1A6C-93BB-44D7-889C-D2BB37358CBD}"
EndProject
Global
	GlobalSection(SolutionConfigurationPlatforms) = preSolution
		Debug|Any CPU = Debug|Any CPU
		Release|Any CPU = Release|Any CPU
	EndGlobalSection
	GlobalSection(ProjectConfigurationPlatforms) = postSolution
		{D83F1A6C-93BB-44D7-889C-D2BB37358CBD}.Debug|Any CPU.ActiveCfg = Debug|Any CPU
		{D83F1A6C-93BB-44D7-889C-D2BB37358CBD}.Debug|Any CPU.Build.0 = Debug|Any CPU
		{D83F1A6C-93BB-44D7-889C-D2BB37358CBD}.Release|Any CPU.ActiveCfg = Release|Any CPU
		{D83F1A6C-93BB-44D7-889C-D2BB37358CBD}.Release|Any CPU.Build.0 = Release|Any CPU
	EndGlobalSection
	GlobalSection(SolutionProperties) = preSolution
		HideSolutionNode = FALSE
	EndGlobalSection
EndGlobal
