
Microsoft Visual Studio Solution File, Format Version 12.00
# Visual Studio 15
VisualStudioVersion = 15.0.26730.12
MinimumVisualStudioVersion = 10.0.40219.1
Project("{FAE04EC0-301F-11D3-BF4B-00C04F79EFBC}") = "ClosestTwoPoints", "ClosestTwoPoints\ClosestTwoPoints.csproj", "{E931B0D2-8E06-4E68-BA85-2ED9ADC4DDDE}"
EndProject
Global
	GlobalSection(SolutionConfigurationPlatforms) = preSolution
		Debug|Any CPU = Debug|Any CPU
		Release|Any CPU = Release|Any CPU
	EndGlobalSection
	GlobalSection(ProjectConfigurationPlatforms) = postSolution
		{E931B0D2-8E06-4E68-BA85-2ED9ADC4DDDE}.Debug|Any CPU.ActiveCfg = Debug|Any CPU
		{E931B0D2-8E06-4E68-BA85-2ED9ADC4DDDE}.Debug|Any CPU.Build.0 = Debug|Any CPU
		{E931B0D2-8E06-4E68-BA85-2ED9ADC4DDDE}.Release|Any CPU.ActiveCfg = Release|Any CPU
		{E931B0D2-8E06-4E68-BA85-2ED9ADC4DDDE}.Release|Any CPU.Build.0 = Release|Any CPU
	EndGlobalSection
	GlobalSection(SolutionProperties) = preSolution
		HideSolutionNode = FALSE
	EndGlobalSection
	GlobalSection(ExtensibilityGlobals) = postSolution
		SolutionGuid = {0AE8BF3C-95C5-43C0-93CC-D40EE7A4E110}
	EndGlobalSection
EndGlobal
