
Microsoft Visual Studio Solution File, Format Version 12.00
# Visual Studio 15
VisualStudioVersion = 15.0.26730.12
MinimumVisualStudioVersion = 10.0.40219.1
Project("{FAE04EC0-301F-11D3-BF4B-00C04F79EFBC}") = "FindTheLetter", "FindTheLetter\FindTheLetter.csproj", "{EC35922A-F65A-47BE-A6A3-432A8004E93E}"
EndProject
Global
	GlobalSection(SolutionConfigurationPlatforms) = preSolution
		Debug|Any CPU = Debug|Any CPU
		Release|Any CPU = Release|Any CPU
	EndGlobalSection
	GlobalSection(ProjectConfigurationPlatforms) = postSolution
		{EC35922A-F65A-47BE-A6A3-432A8004E93E}.Debug|Any CPU.ActiveCfg = Debug|Any CPU
		{EC35922A-F65A-47BE-A6A3-432A8004E93E}.Debug|Any CPU.Build.0 = Debug|Any CPU
		{EC35922A-F65A-47BE-A6A3-432A8004E93E}.Release|Any CPU.ActiveCfg = Release|Any CPU
		{EC35922A-F65A-47BE-A6A3-432A8004E93E}.Release|Any CPU.Build.0 = Release|Any CPU
	EndGlobalSection
	GlobalSection(SolutionProperties) = preSolution
		HideSolutionNode = FALSE
	EndGlobalSection
	GlobalSection(ExtensibilityGlobals) = postSolution
		SolutionGuid = {F3A1C2E2-F58B-4818-8854-B542F99794C8}
	EndGlobalSection
EndGlobal
