
Microsoft Visual Studio Solution File, Format Version 12.00
# Visual Studio 15
VisualStudioVersion = 15.0.26730.12
MinimumVisualStudioVersion = 10.0.40219.1
Project("{FAE04EC0-301F-11D3-BF4B-00C04F79EFBC}") = "StringDecryption", "StringDecryption\StringDecryption.csproj", "{EEC3E121-9BD9-4DDD-9B62-1B3773326B4E}"
EndProject
Global
	GlobalSection(SolutionConfigurationPlatforms) = preSolution
		Debug|Any CPU = Debug|Any CPU
		Release|Any CPU = Release|Any CPU
	EndGlobalSection
	GlobalSection(ProjectConfigurationPlatforms) = postSolution
		{EEC3E121-9BD9-4DDD-9B62-1B3773326B4E}.Debug|Any CPU.ActiveCfg = Debug|Any CPU
		{EEC3E121-9BD9-4DDD-9B62-1B3773326B4E}.Debug|Any CPU.Build.0 = Debug|Any CPU
		{EEC3E121-9BD9-4DDD-9B62-1B3773326B4E}.Release|Any CPU.ActiveCfg = Release|Any CPU
		{EEC3E121-9BD9-4DDD-9B62-1B3773326B4E}.Release|Any CPU.Build.0 = Release|Any CPU
	EndGlobalSection
	GlobalSection(SolutionProperties) = preSolution
		HideSolutionNode = FALSE
	EndGlobalSection
	GlobalSection(ExtensibilityGlobals) = postSolution
		SolutionGuid = {6E6D04E2-58F9-45B1-8499-491267D99850}
	EndGlobalSection
EndGlobal
