
Microsoft Visual Studio Solution File, Format Version 12.00
# Visual Studio 15
VisualStudioVersion = 15.0.26730.12
MinimumVisualStudioVersion = 10.0.40219.1
Project("{FAE04EC0-301F-11D3-BF4B-00C04F79EFBC}") = "SalesReport", "SalesReport\SalesReport.csproj", "{B088B44A-C428-4A36-961F-198E34153F8B}"
EndProject
Global
	GlobalSection(SolutionConfigurationPlatforms) = preSolution
		Debug|Any CPU = Debug|Any CPU
		Release|Any CPU = Release|Any CPU
	EndGlobalSection
	GlobalSection(ProjectConfigurationPlatforms) = postSolution
		{B088B44A-C428-4A36-961F-198E34153F8B}.Debug|Any CPU.ActiveCfg = Debug|Any CPU
		{B088B44A-C428-4A36-961F-198E34153F8B}.Debug|Any CPU.Build.0 = Debug|Any CPU
		{B088B44A-C428-4A36-961F-198E34153F8B}.Release|Any CPU.ActiveCfg = Release|Any CPU
		{B088B44A-C428-4A36-961F-198E34153F8B}.Release|Any CPU.Build.0 = Release|Any CPU
	EndGlobalSection
	GlobalSection(SolutionProperties) = preSolution
		HideSolutionNode = FALSE
	EndGlobalSection
	GlobalSection(ExtensibilityGlobals) = postSolution
		SolutionGuid = {1645036C-3201-4034-946E-009F7278363A}
	EndGlobalSection
EndGlobal
