
Microsoft Visual Studio Solution File, Format Version 12.00
# Visual Studio 15
VisualStudioVersion = 15.0.26730.12
MinimumVisualStudioVersion = 10.0.40219.1
Project("{FAE04EC0-301F-11D3-BF4B-00C04F79EFBC}") = "Nether Realms", "Nether Realms\Nether Realms.csproj", "{BA98F06E-F1E9-4C31-B6D8-E8F44A8AD688}"
EndProject
Global
	GlobalSection(SolutionConfigurationPlatforms) = preSolution
		Debug|Any CPU = Debug|Any CPU
		Release|Any CPU = Release|Any CPU
	EndGlobalSection
	GlobalSection(ProjectConfigurationPlatforms) = postSolution
		{BA98F06E-F1E9-4C31-B6D8-E8F44A8AD688}.Debug|Any CPU.ActiveCfg = Debug|Any CPU
		{BA98F06E-F1E9-4C31-B6D8-E8F44A8AD688}.Debug|Any CPU.Build.0 = Debug|Any CPU
		{BA98F06E-F1E9-4C31-B6D8-E8F44A8AD688}.Release|Any CPU.ActiveCfg = Release|Any CPU
		{BA98F06E-F1E9-4C31-B6D8-E8F44A8AD688}.Release|Any CPU.Build.0 = Release|Any CPU
	EndGlobalSection
	GlobalSection(SolutionProperties) = preSolution
		HideSolutionNode = FALSE
	EndGlobalSection
	GlobalSection(ExtensibilityGlobals) = postSolution
		SolutionGuid = {36F5412C-E9CB-4E79-BE06-C781230EC032}
	EndGlobalSection
EndGlobal
