
Microsoft Visual Studio Solution File, Format Version 12.00
# Visual Studio 15
VisualStudioVersion = 15.0.26730.12
MinimumVisualStudioVersion = 10.0.40219.1
Project("{FAE04EC0-301F-11D3-BF4B-00C04F79EFBC}") = "ValueOfAString", "ValueOfAString\ValueOfAString.csproj", "{C4926588-C01C-411A-AFDB-F213CB5405DD}"
EndProject
Global
	GlobalSection(SolutionConfigurationPlatforms) = preSolution
		Debug|Any CPU = Debug|Any CPU
		Release|Any CPU = Release|Any CPU
	EndGlobalSection
	GlobalSection(ProjectConfigurationPlatforms) = postSolution
		{C4926588-C01C-411A-AFDB-F213CB5405DD}.Debug|Any CPU.ActiveCfg = Debug|Any CPU
		{C4926588-C01C-411A-AFDB-F213CB5405DD}.Debug|Any CPU.Build.0 = Debug|Any CPU
		{C4926588-C01C-411A-AFDB-F213CB5405DD}.Release|Any CPU.ActiveCfg = Release|Any CPU
		{C4926588-C01C-411A-AFDB-F213CB5405DD}.Release|Any CPU.Build.0 = Release|Any CPU
	EndGlobalSection
	GlobalSection(SolutionProperties) = preSolution
		HideSolutionNode = FALSE
	EndGlobalSection
	GlobalSection(ExtensibilityGlobals) = postSolution
		SolutionGuid = {ADE84A63-A217-4EDB-8C6D-9A6B83653C17}
	EndGlobalSection
EndGlobal
